
Microsoft Visual Studio Solution File, Format Version 12.00
# Visual Studio 15
VisualStudioVersion = 15.0.28307.421
MinimumVisualStudioVersion = 10.0.40219.1
Project("{FAE04EC0-301F-11D3-BF4B-00C04F79EFBC}") = "TP02.Android", "TP02\TP02.Android\TP02.Android.csproj", "{930BE4EC-ECC3-468C-9AF4-F64DFEA3A61A}"
EndProject
Project("{FAE04EC0-301F-11D3-BF4B-00C04F79EFBC}") = "TP02", "TP02\TP02\TP02.csproj", "{FA122BE7-1A5B-4377-9C80-B864CF4D7642}"
EndProject
Global
	GlobalSection(SolutionConfigurationPlatforms) = preSolution
		Debug|Any CPU = Debug|Any CPU
		Release|Any CPU = Release|Any CPU
	EndGlobalSection
	GlobalSection(ProjectConfigurationPlatforms) = postSolution
		{930BE4EC-ECC3-468C-9AF4-F64DFEA3A61A}.Debug|Any CPU.ActiveCfg = Debug|Any CPU
		{930BE4EC-ECC3-468C-9AF4-F64DFEA3A61A}.Debug|Any CPU.Build.0 = Debug|Any CPU
		{930BE4EC-ECC3-468C-9AF4-F64DFEA3A61A}.Debug|Any CPU.Deploy.0 = Debug|Any CPU
		{930BE4EC-ECC3-468C-9AF4-F64DFEA3A61A}.Release|Any CPU.ActiveCfg = Release|Any CPU
		{930BE4EC-ECC3-468C-9AF4-F64DFEA3A61A}.Release|Any CPU.Build.0 = Release|Any CPU
		{930BE4EC-ECC3-468C-9AF4-F64DFEA3A61A}.Release|Any CPU.Deploy.0 = Release|Any CPU
		{FA122BE7-1A5B-4377-9C80-B864CF4D7642}.Debug|Any CPU.ActiveCfg = Debug|Any CPU
		{FA122BE7-1A5B-4377-9C80-B864CF4D7642}.Debug|Any CPU.Build.0 = Debug|Any CPU
		{FA122BE7-1A5B-4377-9C80-B864CF4D7642}.Debug|Any CPU.Deploy.0 = Debug|Any CPU
		{FA122BE7-1A5B-4377-9C80-B864CF4D7642}.Release|Any CPU.ActiveCfg = Release|Any CPU
		{FA122BE7-1A5B-4377-9C80-B864CF4D7642}.Release|Any CPU.Build.0 = Release|Any CPU
		{FA122BE7-1A5B-4377-9C80-B864CF4D7642}.Release|Any CPU.Deploy.0 = Release|Any CPU
	EndGlobalSection
	GlobalSection(SolutionProperties) = preSolution
		HideSolutionNode = FALSE
	EndGlobalSection
	GlobalSection(ExtensibilityGlobals) = postSolution
		SolutionGuid = {0868F47E-7340-4DC4-850B-5C1921308C8E}
	EndGlobalSection
EndGlobal
